<?xml version="1.0" encoding="utf-8"?>
<Project ToolsVersion="4.0" xmlns="http://schemas.microsoft.com/developer/msbuild/2003">
  <ItemGroup>
    <Filter Include="Source Files">
      <UniqueIdentifier>{4FC737F1-C7A5-4376-A066-2A32D752A2FF}</UniqueIdentifier>
      <Extensions>cpp;c;cc;cxx;def;odl;idl;hpj;bat;asm;asmx</Extensions>
    </Filter>
    <Filter Include="Header Files">
      <UniqueIdentifier>{93995380-89BD-4b04-88EB-625FBE52EBFB}</UniqueIdentifier>
      <Extensions>h;hh;hpp;hxx;hm;inl;inc;xsd</Extensions>
    </Filter>
    <Filter Include="Resource Files">
      <UniqueIdentifier>{67DA6AB6-F800-4c08-8B7A-83BB121AAD01}</UniqueIdentifier>
      <Extensions>rc;ico;cur;bmp;dlg;rc2;rct;bin;rgs;gif;jpg;jpeg;jpe;resx;tiff;tif;png;wav</Extensions>
    </Filter>
  </ItemGroup>
  <ItemGroup>
    <ClCompile Include="..\Matrix Calculator\composite_syntax_element.cc">
      <Filter>Source Files</Filter>
    </ClCompile>
    <ClCompile Include="..\Matrix Calculator\function_syntax_element.cc">
      <Filter>Source Files</Filter>
    </ClCompile>
    <ClCompile Include="..\Matrix Calculator\line_lexer.cc">
      <Filter>Source Files</Filter>
    </ClCompile>
    <ClCompile Include="..\Matrix Calculator\literal.cc">
      <Filter>Source Files</Filter>
    </ClCompile>
    <ClCompile Include="..\Matrix Calculator\main.cc">
      <Filter>Source Files</Filter>
    </ClCompile>
    <ClCompile Include="..\Matrix Calculator\math_matrix.cc">
      <Filter>Source Files</Filter>
    </ClCompile>
    <ClCompile Include="..\Matrix Calculator\native_function.cc">
      <Filter>Source Files</Filter>
    </ClCompile>
    <ClCompile Include="..\Matrix Calculator\non_native_function.cc">
      <Filter>Source Files</Filter>
    </ClCompile>
    <ClCompile Include="..\Matrix Calculator\operation.cc">
      <Filter>Source Files</Filter>
    </ClCompile>
    <ClCompile Include="..\Matrix Calculator\printer.cc">
      <Filter>Source Files</Filter>
    </ClCompile>
    <ClCompile Include="..\Matrix Calculator\session.cc">
      <Filter>Source Files</Filter>
    </ClCompile>
    <ClCompile Include="..\Matrix Calculator\token_parser.cc">
      <Filter>Source Files</Filter>
    </ClCompile>
    <ClCompile Include="..\Matrix Calculator\variable_list.cc">
      <Filter>Source Files</Filter>
    </ClCompile>
    <ClCompile Include="..\Matrix Calculator\variable_name.cc">
      <Filter>Source Files</Filter>
    </ClCompile>
    <ClCompile Include="..\Matrix Calculator\visitor.cc">
      <Filter>Source Files</Filter>
    </ClCompile>
  </ItemGroup>
  <ItemGroup>
    <ClInclude Include="..\Matrix Calculator\composite_syntax_element.h">
      <Filter>Header Files</Filter>
    </ClInclude>
    <ClInclude Include="..\Matrix Calculator\function_delegate_interface.h">
      <Filter>Header Files</Filter>
    </ClInclude>
    <ClInclude Include="..\Matrix Calculator\function_interface.h">
      <Filter>Header Files</Filter>
    </ClInclude>
    <ClInclude Include="..\Matrix Calculator\function_syntax_element.h">
      <Filter>Header Files</Filter>
    </ClInclude>
    <ClInclude Include="..\Matrix Calculator\line_lexer.h">
      <Filter>Header Files</Filter>
    </ClInclude>
    <ClInclude Include="..\Matrix Calculator\literal.h">
      <Filter>Header Files</Filter>
    </ClInclude>
    <ClInclude Include="..\Matrix Calculator\math_matrix.h">
      <Filter>Header Files</Filter>
    </ClInclude>
    <ClInclude Include="..\Matrix Calculator\matrix.h">
      <Filter>Header Files</Filter>
    </ClInclude>
    <ClInclude Include="..\Matrix Calculator\native_function.h">
      <Filter>Header Files</Filter>
    </ClInclude>
    <ClInclude Include="..\Matrix Calculator\native_function_definitions.h">
      <Filter>Header Files</Filter>
    </ClInclude>
    <ClInclude Include="..\Matrix Calculator\non_native_function.h">
      <Filter>Header Files</Filter>
    </ClInclude>
    <ClInclude Include="..\Matrix Calculator\operation.h">
      <Filter>Header Files</Filter>
    </ClInclude>
    <ClInclude Include="..\Matrix Calculator\printer.h">
      <Filter>Header Files</Filter>
    </ClInclude>
    <ClInclude Include="..\Matrix Calculator\session.h">
      <Filter>Header Files</Filter>
    </ClInclude>
    <ClInclude Include="..\Matrix Calculator\syntax_element.h">
      <Filter>Header Files</Filter>
    </ClInclude>
    <ClInclude Include="..\Matrix Calculator\token.h">
      <Filter>Header Files</Filter>
    </ClInclude>
    <ClInclude Include="..\Matrix Calculator\token_parser.h">
      <Filter>Header Files</Filter>
    </ClInclude>
    <ClInclude Include="..\Matrix Calculator\variable_delegate_interface.h">
      <Filter>Header Files</Filter>
    </ClInclude>
    <ClInclude Include="..\Matrix Calculator\variable_list.h">
      <Filter>Header Files</Filter>
    </ClInclude>
    <ClInclude Include="..\Matrix Calculator\variable_name.h">
      <Filter>Header Files</Filter>
    </ClInclude>
    <ClInclude Include="..\Matrix Calculator\visitor.h">
      <Filter>Header Files</Filter>
    </ClInclude>
  </ItemGroup>
  <ItemGroup>
    <Image Include="..\Matrix Calculator\Function_System_Design.png">
      <Filter>Resource Files</Filter>
    </Image>
    <Image Include="..\Matrix Calculator\Parsing_System_Design.png">
      <Filter>Resource Files</Filter>
    </Image>
    <Image Include="..\Matrix Calculator\Session_Design.png">
      <Filter>Resource Files</Filter>
    </Image>
    <Image Include="..\Matrix Calculator\Syntax_Element_Design.png">
      <Filter>Resource Files</Filter>
    </Image>
  </ItemGroup>
</Project>